
Microsoft Visual Studio Solution File, Format Version 12.00
# Visual Studio Version 16
VisualStudioVersion = 16.0.29509.3
MinimumVisualStudioVersion = 10.0.40219.1
Project("{FAE04EC0-301F-11D3-BF4B-00C04F79EFBC}") = "Employee_Payee_Tax_Core_Web_App", "Employee_Payee_Tax_Core_Web_App.csproj", "{86195BEA-1C2D-4F20-B3F8-E048BC06E0FD}"
EndProject
Global
	GlobalSection(SolutionConfigurationPlatforms) = preSolution
		Debug|Any CPU = Debug|Any CPU
		Release|Any CPU = Release|Any CPU
	EndGlobalSection
	GlobalSection(ProjectConfigurationPlatforms) = postSolution
		{86195BEA-1C2D-4F20-B3F8-E048BC06E0FD}.Debug|Any CPU.ActiveCfg = Debug|Any CPU
		{86195BEA-1C2D-4F20-B3F8-E048BC06E0FD}.Debug|Any CPU.Build.0 = Debug|Any CPU
		{86195BEA-1C2D-4F20-B3F8-E048BC06E0FD}.Release|Any CPU.ActiveCfg = Release|Any CPU
		{86195BEA-1C2D-4F20-B3F8-E048BC06E0FD}.Release|Any CPU.Build.0 = Release|Any CPU
	EndGlobalSection
	GlobalSection(SolutionProperties) = preSolution
		HideSolutionNode = FALSE
	EndGlobalSection
	GlobalSection(ExtensibilityGlobals) = postSolution
		SolutionGuid = {9FAF60F8-6154-4E87-ADF6-3D4D6715EDEE}
	EndGlobalSection
EndGlobal
